
Microsoft Visual Studio Solution File, Format Version 12.00
# Visual Studio Version 17
VisualStudioVersion = 17.5.002.0
MinimumVisualStudioVersion = 10.0.40219.1
Project("{9A19103F-16F7-4668-BE54-9A1E7A4F7556}") = "Calculadora", "Calculadora\Calculadora.csproj", "{88FDE75C-F545-4F9D-8BC5-E0E1566C7E41}"
EndProject
Global
	GlobalSection(SolutionConfigurationPlatforms) = preSolution
		Debug|Any CPU = Debug|Any CPU
		Release|Any CPU = Release|Any CPU
	EndGlobalSection
	GlobalSection(ProjectConfigurationPlatforms) = postSolution
		{88FDE75C-F545-4F9D-8BC5-E0E1566C7E41}.Debug|Any CPU.ActiveCfg = Debug|Any CPU
		{88FDE75C-F545-4F9D-8BC5-E0E1566C7E41}.Debug|Any CPU.Build.0 = Debug|Any CPU
		{88FDE75C-F545-4F9D-8BC5-E0E1566C7E41}.Release|Any CPU.ActiveCfg = Release|Any CPU
		{88FDE75C-F545-4F9D-8BC5-E0E1566C7E41}.Release|Any CPU.Build.0 = Release|Any CPU
	EndGlobalSection
	GlobalSection(SolutionProperties) = preSolution
		HideSolutionNode = FALSE
	EndGlobalSection
	GlobalSection(ExtensibilityGlobals) = postSolution
		SolutionGuid = {8B4C069E-8F3A-4994-AF0A-C57B90ACD87E}
	EndGlobalSection
EndGlobal
